
Microsoft Visual Studio Solution File, Format Version 12.00
# Visual Studio 15
VisualStudioVersion = 15.0.27428.2015
MinimumVisualStudioVersion = 10.0.40219.1
Project("{8BC9CEB8-8B4A-11D0-8D11-00A0C91BC942}") = "C++forhome", "C++forhome\C++forhome.vcxproj", "{850360A5-8820-4616-BEBD-B773296C4112}"
EndProject
Global
	GlobalSection(SolutionConfigurationPlatforms) = preSolution
		Debug|x64 = Debug|x64
		Debug|x86 = Debug|x86
		Release|x64 = Release|x64
		Release|x86 = Release|x86
	EndGlobalSection
	GlobalSection(ProjectConfigurationPlatforms) = postSolution
		{850360A5-8820-4616-BEBD-B773296C4112}.Debug|x64.ActiveCfg = Debug|x64
		{850360A5-8820-4616-BEBD-B773296C4112}.Debug|x64.Build.0 = Debug|x64
		{850360A5-8820-4616-BEBD-B773296C4112}.Debug|x86.ActiveCfg = Debug|Win32
		{850360A5-8820-4616-BEBD-B773296C4112}.Debug|x86.Build.0 = Debug|Win32
		{850360A5-8820-4616-BEBD-B773296C4112}.Release|x64.ActiveCfg = Release|x64
		{850360A5-8820-4616-BEBD-B773296C4112}.Release|x64.Build.0 = Release|x64
		{850360A5-8820-4616-BEBD-B773296C4112}.Release|x86.ActiveCfg = Release|Win32
		{850360A5-8820-4616-BEBD-B773296C4112}.Release|x86.Build.0 = Release|Win32
	EndGlobalSection
	GlobalSection(SolutionProperties) = preSolution
		HideSolutionNode = FALSE
	EndGlobalSection
	GlobalSection(ExtensibilityGlobals) = postSolution
		SolutionGuid = {1198F76C-D311-4C99-968F-6F0250D4F40B}
	EndGlobalSection
EndGlobal
